
Microsoft Visual Studio Solution File, Format Version 12.00
Project("{FAE04EC0-301F-11D3-BF4B-00C04F79EFBC}") = "RiichiMahjongTrainer", "RiichiMahjongTrainer\RiichiMahjongTrainer.csproj", "{1C21637B-3C54-47F2-B60C-78DAAB5900EF}"
EndProject
Global
	GlobalSection(SolutionConfigurationPlatforms) = preSolution
		Debug|Any CPU = Debug|Any CPU
		Release|Any CPU = Release|Any CPU
	EndGlobalSection
	GlobalSection(ProjectConfigurationPlatforms) = postSolution
		{1C21637B-3C54-47F2-B60C-78DAAB5900EF}.Debug|Any CPU.ActiveCfg = Debug|Any CPU
		{1C21637B-3C54-47F2-B60C-78DAAB5900EF}.Debug|Any CPU.Build.0 = Debug|Any CPU
		{1C21637B-3C54-47F2-B60C-78DAAB5900EF}.Release|Any CPU.ActiveCfg = Release|Any CPU
		{1C21637B-3C54-47F2-B60C-78DAAB5900EF}.Release|Any CPU.Build.0 = Release|Any CPU
	EndGlobalSection
EndGlobal
